{
  "../../aave-lending/contracts/lib/forge-std": {
    "rev": "4f227ab1b9a9a62f587580145951c7ace5e42569"
  },
  "../../bring-your-own-data/contracts/lib/chainlink-evm": {
    "rev": "793106cd598da8b2762958880300787b0b361fa1"
  },
  "../../bring-your-own-data/contracts/lib/forge-std": {
    "rev": "8e40513d678f392f398620b3ef2b418648b33e89"
  },
  "../../bring-your-own-data/contracts/lib/openzeppelin-contracts": {
    "rev": "dbb6104ce834628e473d2173bbc9d47f81a9eec3"
  },
  "../../multi-chain-token-manager/contracts/lib/chainlink-ccip": {
    "rev": "e9476e9948c5f84fd4e980484a520085bcc1b9d5"
  },
  "../../multi-chain-token-manager/contracts/lib/chainlink-evm": {
    "rev": "e06cc226086ad91cfede63e96c63e5b3440c9801"
  },
  "../../multi-chain-token-manager/contracts/lib/forge-std": {
    "rev": "8e40513d678f392f398620b3ef2b418648b33e89"
  },
  "../../multi-chain-token-manager/contracts/lib/openzeppelin-contracts": {
    "rev": "dbb6104ce834628e473d2173bbc9d47f81a9eec3"
  },
  "lib/forge-std": {
    "rev": "4f227ab1b9a9a62f587580145951c7ace5e42569"
  },
  "lib/hookmate": {
    "rev": "297e4fe6186a7a56bc831bf70a709ed3166afb05"
  },
  "lib/uniswap-hooks": {
    "rev": "2c39623ce5a5103bd314f1380df0443df2523149"
  }
}